
Microsoft Visual Studio Solution File, Format Version 12.00
# Visual Studio 15
VisualStudioVersion = 15.0.26730.12
MinimumVisualStudioVersion = 10.0.40219.1
Project("{FAE04EC0-301F-11D3-BF4B-00C04F79EFBC}") = "WinformTest", "Delegate1\WinformTest.csproj", "{4FC71DCE-9E00-4F74-ABD4-01D225D8D67C}"
EndProject
Project("{FAE04EC0-301F-11D3-BF4B-00C04F79EFBC}") = "WpfApp1", "WpfApp1\WpfApp1.csproj", "{FC9971C2-AA57-46AE-AF2F-F873712F2F57}"
EndProject
Project("{9A19103F-16F7-4668-BE54-9A1E7A4F7556}") = "CommonClasses", "CommonClasses\CommonClasses.csproj", "{97A07474-43CE-47F1-B2E3-81AAF30267A7}"
EndProject
Project("{FAE04EC0-301F-11D3-BF4B-00C04F79EFBC}") = "UnitTestProject1", "UnitTestProject1\UnitTestProject1.csproj", "{19353B94-48BC-4E93-A22B-FEC5FBC4FD66}"
EndProject
Global
	GlobalSection(SolutionConfigurationPlatforms) = preSolution
		Debug|Any CPU = Debug|Any CPU
		Release|Any CPU = Release|Any CPU
	EndGlobalSection
	GlobalSection(ProjectConfigurationPlatforms) = postSolution
		{4FC71DCE-9E00-4F74-ABD4-01D225D8D67C}.Debug|Any CPU.ActiveCfg = Debug|Any CPU
		{4FC71DCE-9E00-4F74-ABD4-01D225D8D67C}.Debug|Any CPU.Build.0 = Debug|Any CPU
		{4FC71DCE-9E00-4F74-ABD4-01D225D8D67C}.Release|Any CPU.ActiveCfg = Release|Any CPU
		{4FC71DCE-9E00-4F74-ABD4-01D225D8D67C}.Release|Any CPU.Build.0 = Release|Any CPU
		{FC9971C2-AA57-46AE-AF2F-F873712F2F57}.Debug|Any CPU.ActiveCfg = Debug|Any CPU
		{FC9971C2-AA57-46AE-AF2F-F873712F2F57}.Debug|Any CPU.Build.0 = Debug|Any CPU
		{FC9971C2-AA57-46AE-AF2F-F873712F2F57}.Release|Any CPU.ActiveCfg = Release|Any CPU
		{FC9971C2-AA57-46AE-AF2F-F873712F2F57}.Release|Any CPU.Build.0 = Release|Any CPU
		{97A07474-43CE-47F1-B2E3-81AAF30267A7}.Debug|Any CPU.ActiveCfg = Debug|Any CPU
		{97A07474-43CE-47F1-B2E3-81AAF30267A7}.Debug|Any CPU.Build.0 = Debug|Any CPU
		{97A07474-43CE-47F1-B2E3-81AAF30267A7}.Release|Any CPU.ActiveCfg = Release|Any CPU
		{97A07474-43CE-47F1-B2E3-81AAF30267A7}.Release|Any CPU.Build.0 = Release|Any CPU
		{19353B94-48BC-4E93-A22B-FEC5FBC4FD66}.Debug|Any CPU.ActiveCfg = Debug|Any CPU
		{19353B94-48BC-4E93-A22B-FEC5FBC4FD66}.Debug|Any CPU.Build.0 = Debug|Any CPU
		{19353B94-48BC-4E93-A22B-FEC5FBC4FD66}.Release|Any CPU.ActiveCfg = Release|Any CPU
		{19353B94-48BC-4E93-A22B-FEC5FBC4FD66}.Release|Any CPU.Build.0 = Release|Any CPU
	EndGlobalSection
	GlobalSection(SolutionProperties) = preSolution
		HideSolutionNode = FALSE
	EndGlobalSection
	GlobalSection(ExtensibilityGlobals) = postSolution
		SolutionGuid = {203C5FAC-A628-4ED7-AB8A-4C05829458D0}
	EndGlobalSection
EndGlobal
